
Microsoft Visual Studio Solution File, Format Version 12.00
Project("{FAE04EC0-301F-11D3-BF4B-00C04F79EFBC}") = "Reading a File", "Reading a File\Reading a File.csproj", "{13DC94D3-9C6C-476D-8998-EB71FCCCBE31}"
EndProject
Global
	GlobalSection(SolutionConfigurationPlatforms) = preSolution
		Debug|Any CPU = Debug|Any CPU
		Release|Any CPU = Release|Any CPU
	EndGlobalSection
	GlobalSection(ProjectConfigurationPlatforms) = postSolution
		{13DC94D3-9C6C-476D-8998-EB71FCCCBE31}.Debug|Any CPU.ActiveCfg = Debug|Any CPU
		{13DC94D3-9C6C-476D-8998-EB71FCCCBE31}.Debug|Any CPU.Build.0 = Debug|Any CPU
		{13DC94D3-9C6C-476D-8998-EB71FCCCBE31}.Release|Any CPU.ActiveCfg = Release|Any CPU
		{13DC94D3-9C6C-476D-8998-EB71FCCCBE31}.Release|Any CPU.Build.0 = Release|Any CPU
	EndGlobalSection
EndGlobal
